<?xml version="1.0" encoding="utf-8"?>
<Project ToolsVersion="4.0" xmlns="http://schemas.microsoft.com/developer/msbuild/2003">
  <ItemGroup>
    <Filter Include="Source Files">
      <UniqueIdentifier>{4FC737F1-C7A5-4376-A066-2A32D752A2FF}</UniqueIdentifier>
      <Extensions>cpp;cxx;c;def</Extensions>
    </Filter>
    <Filter Include="Header Files">
      <UniqueIdentifier>{93995380-89BD-4b04-88EB-625FBE52EBFB}</UniqueIdentifier>
      <Extensions>h</Extensions>
    </Filter>
    <Filter Include="Form Files">
      <UniqueIdentifier>{99349809-55BA-4b9d-BF79-8FDBB0286EB3}</UniqueIdentifier>
      <Extensions>ui</Extensions>
    </Filter>
    <Filter Include="Resource Files">
      <UniqueIdentifier>{D9D6E242-F8AF-46E4-B9FD-80ECBC20BA3E}</UniqueIdentifier>
      <Extensions>qrc;*</Extensions>
      <ParseFiles>false</ParseFiles>
    </Filter>
    <Filter Include="Generated Files">
      <UniqueIdentifier>{71ED8ED8-ACB9-4CE9-BBE1-E00B30144E11}</UniqueIdentifier>
      <Extensions>moc;h;cpp</Extensions>
      <SourceControlFiles>False</SourceControlFiles>
    </Filter>
    <Filter Include="Generated Files\Debug">
      <UniqueIdentifier>{5c1e9f99-dd83-4af4-90cb-b389da67bd22}</UniqueIdentifier>
      <Extensions>cpp;moc</Extensions>
      <SourceControlFiles>False</SourceControlFiles>
    </Filter>
    <Filter Include="Generated Files\Release">
      <UniqueIdentifier>{77d4de98-a127-40af-8719-eddd2e0e034d}</UniqueIdentifier>
      <Extensions>cpp;moc</Extensions>
      <SourceControlFiles>False</SourceControlFiles>
    </Filter>
    <Filter Include="Resource Files\image">
      <UniqueIdentifier>{056155e5-18af-42f9-857d-c8005a371b30}</UniqueIdentifier>
    </Filter>
    <Filter Include="Resource Files\style">
      <UniqueIdentifier>{623c9d05-3811-4a35-b601-c57539a8429a}</UniqueIdentifier>
    </Filter>
    <Filter Include="Translation Files">
      <UniqueIdentifier>{639EADAA-A684-42e4-A9AD-28FC9BCB8F7C}</UniqueIdentifier>
      <Extensions>ts</Extensions>
      <ParseFiles>false</ParseFiles>
    </Filter>
  </ItemGroup>
  <ItemGroup>
    <ClCompile Include="main.cpp">
      <Filter>Source Files</Filter>
    </ClCompile>
    <ClCompile Include="IVFDActiveXN.cpp">
      <Filter>Source Files</Filter>
    </ClCompile>
    <ClCompile Include="GeneratedFiles\Release\moc_IVFDActiveXN.cpp">
      <Filter>Generated Files\Release</Filter>
    </ClCompile>
    <ClCompile Include="GeneratedFiles\qrc_IVFDActiveXN.cpp">
      <Filter>Generated Files</Filter>
    </ClCompile>
    <ClCompile Include="IVFDRtspPlayer.cpp">
      <Filter>Source Files</Filter>
    </ClCompile>
    <ClCompile Include="IVFDTcpClient.cpp">
      <Filter>Source Files</Filter>
    </ClCompile>
    <ClCompile Include="IVFDTcpServer.cpp">
      <Filter>Source Files</Filter>
    </ClCompile>
    <ClCompile Include="GeneratedFiles\Debug\moc_ChanelWidget.cpp">
      <Filter>Generated Files\Debug</Filter>
    </ClCompile>
    <ClCompile Include="GeneratedFiles\Release\moc_ChanelWidget.cpp">
      <Filter>Generated Files\Release</Filter>
    </ClCompile>
    <ClCompile Include="GeneratedFiles\Debug\moc_IVFDRtspPlayer.cpp">
      <Filter>Generated Files\Debug</Filter>
    </ClCompile>
    <ClCompile Include="GeneratedFiles\Release\moc_IVFDRtspPlayer.cpp">
      <Filter>Generated Files\Release</Filter>
    </ClCompile>
    <ClCompile Include="GeneratedFiles\Debug\moc_IVFDTcpClient.cpp">
      <Filter>Generated Files\Debug</Filter>
    </ClCompile>
    <ClCompile Include="GeneratedFiles\Release\moc_IVFDTcpClient.cpp">
      <Filter>Generated Files\Release</Filter>
    </ClCompile>
    <ClCompile Include="GeneratedFiles\Debug\moc_IVFDTcpServer.cpp">
      <Filter>Generated Files\Debug</Filter>
    </ClCompile>
    <ClCompile Include="GeneratedFiles\Release\moc_IVFDTcpServer.cpp">
      <Filter>Generated Files\Release</Filter>
    </ClCompile>
    <ClCompile Include="GeneratedFiles\Debug\moc_IVFDActiveXN.cpp">
      <Filter>Generated Files\Debug</Filter>
    </ClCompile>
    <ClCompile Include="IVFDChart.cpp">
      <Filter>Source Files</Filter>
    </ClCompile>
    <ClCompile Include="GeneratedFiles\Debug\moc_IVFDChart.cpp">
      <Filter>Generated Files\Debug</Filter>
    </ClCompile>
    <ClCompile Include="GeneratedFiles\Release\moc_IVFDChart.cpp">
      <Filter>Generated Files\Release</Filter>
    </ClCompile>
    <ClCompile Include="IVFDDataBase.cpp">
      <Filter>Source Files</Filter>
    </ClCompile>
    <ClCompile Include="GeneratedFiles\Debug\moc_IVFDDataBase.cpp">
      <Filter>Generated Files\Debug</Filter>
    </ClCompile>
    <ClCompile Include="GeneratedFiles\Release\moc_IVFDDataBase.cpp">
      <Filter>Generated Files\Release</Filter>
    </ClCompile>
    <ClCompile Include="IVFDCommand.cpp">
      <Filter>Source Files</Filter>
    </ClCompile>
    <ClCompile Include="GeneratedFiles\Debug\moc_IVFDCommand.cpp">
      <Filter>Generated Files\Debug</Filter>
    </ClCompile>
    <ClCompile Include="GeneratedFiles\Release\moc_IVFDCommand.cpp">
      <Filter>Generated Files\Release</Filter>
    </ClCompile>
    <ClCompile Include="IVFDDrivers.cpp">
      <Filter>Source Files</Filter>
    </ClCompile>
    <ClCompile Include="ChanelWidget.cpp">
      <Filter>Source Files</Filter>
    </ClCompile>
    <ClCompile Include="IVFDCalibrate.cpp">
      <Filter>Source Files</Filter>
    </ClCompile>
    <ClCompile Include="GeneratedFiles\Debug\moc_IVFDCalibrate.cpp">
      <Filter>Generated Files\Debug</Filter>
    </ClCompile>
    <ClCompile Include="GeneratedFiles\Release\moc_IVFDCalibrate.cpp">
      <Filter>Generated Files\Release</Filter>
    </ClCompile>
    <ClCompile Include="IVFDDiaryQuerry.cpp">
      <Filter>Source Files</Filter>
    </ClCompile>
    <ClCompile Include="GeneratedFiles\Debug\moc_IVFDDiaryQuerry.cpp">
      <Filter>Generated Files\Debug</Filter>
    </ClCompile>
    <ClCompile Include="GeneratedFiles\Release\moc_IVFDDiaryQuerry.cpp">
      <Filter>Generated Files\Release</Filter>
    </ClCompile>
    <ClCompile Include="IVFDSelfRebootSet.cpp">
      <Filter>Source Files</Filter>
    </ClCompile>
    <ClCompile Include="GeneratedFiles\Debug\moc_IVFDSelfRebootSet.cpp">
      <Filter>Generated Files\Debug</Filter>
    </ClCompile>
    <ClCompile Include="GeneratedFiles\Release\moc_IVFDSelfRebootSet.cpp">
      <Filter>Generated Files\Release</Filter>
    </ClCompile>
    <ClCompile Include="LoginWidget.cpp">
      <Filter>Source Files</Filter>
    </ClCompile>
    <ClCompile Include="GeneratedFiles\Debug\moc_LoginWidget.cpp">
      <Filter>Generated Files\Debug</Filter>
    </ClCompile>
    <ClCompile Include="GeneratedFiles\Release\moc_LoginWidget.cpp">
      <Filter>Generated Files\Release</Filter>
    </ClCompile>
  </ItemGroup>
  <ItemGroup>
    <CustomBuild Include="IVFDActiveXN.h">
      <Filter>Header Files</Filter>
    </CustomBuild>
    <CustomBuild Include="IVFDActiveXN.ui">
      <Filter>Form Files</Filter>
    </CustomBuild>
    <CustomBuild Include="IVFDActiveXN.qrc">
      <Filter>Resource Files</Filter>
    </CustomBuild>
    <CustomBuild Include="ChanelWidget.h">
      <Filter>Header Files</Filter>
    </CustomBuild>
    <CustomBuild Include="IVFDRtspPlayer.h">
      <Filter>Header Files</Filter>
    </CustomBuild>
    <CustomBuild Include="IVFDTcpClient.h">
      <Filter>Header Files</Filter>
    </CustomBuild>
    <CustomBuild Include="IVFDTcpServer.h">
      <Filter>Header Files</Filter>
    </CustomBuild>
    <CustomBuild Include="IVFDActiveXInit.ui">
      <Filter>Form Files</Filter>
    </CustomBuild>
    <CustomBuild Include="ChanelWidget.ui">
      <Filter>Form Files</Filter>
    </CustomBuild>
    <CustomBuild Include="IVFDChart.h">
      <Filter>Header Files</Filter>
    </CustomBuild>
    <CustomBuild Include="IVFDDataBase.h">
      <Filter>Header Files</Filter>
    </CustomBuild>
    <CustomBuild Include="IVFDCommand.h">
      <Filter>Header Files</Filter>
    </CustomBuild>
    <CustomBuild Include="IVFDCommand.ui">
      <Filter>Form Files</Filter>
    </CustomBuild>
    <CustomBuild Include="IVFDCalibrate.h">
      <Filter>Header Files</Filter>
    </CustomBuild>
    <CustomBuild Include="IVFDCalibrate.ui">
      <Filter>Form Files</Filter>
    </CustomBuild>
    <CustomBuild Include="IVFDDiaryQuerry.h">
      <Filter>Header Files</Filter>
    </CustomBuild>
    <CustomBuild Include="IVFDDiaryQuerry.ui">
      <Filter>Form Files</Filter>
    </CustomBuild>
    <CustomBuild Include="IVFDSelfRebootSet.h">
      <Filter>Header Files</Filter>
    </CustomBuild>
    <CustomBuild Include="IVFDSelfRebootSet.ui">
      <Filter>Form Files</Filter>
    </CustomBuild>
    <CustomBuild Include="LoginWidget.h">
      <Filter>Header Files</Filter>
    </CustomBuild>
  </ItemGroup>
  <ItemGroup>
    <ClInclude Include="GeneratedFiles\ui_IVFDActiveXN.h">
      <Filter>Generated Files</Filter>
    </ClInclude>
    <ClInclude Include="GeneratedFiles\ui_ChanelWidget.h">
      <Filter>Generated Files\Release</Filter>
    </ClInclude>
    <ClInclude Include="resource.h">
      <Filter>Header Files</Filter>
    </ClInclude>
    <ClInclude Include="IVFDDrivers.h">
      <Filter>Header Files</Filter>
    </ClInclude>
    <ClInclude Include="GeneratedFiles\ui_IVFDCommand.h">
      <Filter>Generated Files</Filter>
    </ClInclude>
    <ClInclude Include="GeneratedFiles\ui_IVFDCalibrate.h">
      <Filter>Generated Files</Filter>
    </ClInclude>
    <ClInclude Include="GeneratedFiles\ui_IVFDDiaryQuerry.h">
      <Filter>Generated Files</Filter>
    </ClInclude>
    <ClInclude Include="GeneratedFiles\ui_IVFDSelfRebootSet.h">
      <Filter>Generated Files</Filter>
    </ClInclude>
    <ClInclude Include="IVFDTools.h">
      <Filter>Header Files</Filter>
    </ClInclude>
  </ItemGroup>
  <ItemGroup>
    <None Include="image\top2.jpg">
      <Filter>Resource Files\image</Filter>
    </None>
    <None Include="image\eye.ico">
      <Filter>Resource Files\image</Filter>
    </None>
    <None Include="style\ivfdstyle.qss">
      <Filter>Resource Files\style</Filter>
    </None>
    <None Include="image\bg_time_noal.png">
      <Filter>Resource Files\image</Filter>
    </None>
    <None Include="image\btn_playunchchecknor.png">
      <Filter>Resource Files\image</Filter>
    </None>
    <None Include="image\firelogo.ico" />
    <None Include="ivfdactivexn_zh.ts">
      <Filter>Translation Files</Filter>
    </None>
    <None Include="qt_zh_CN.qm">
      <Filter>Translation Files</Filter>
    </None>
  </ItemGroup>
  <ItemGroup>
    <ResourceCompile Include="IVFDActiveXN.rc" />
  </ItemGroup>
</Project>